
Microsoft Visual Studio Solution File, Format Version 12.00
# Visual Studio 14
VisualStudioVersion = 14.0.25420.1
MinimumVisualStudioVersion = 10.0.40219.1
Project("{FAE04EC0-301F-11D3-BF4B-00C04F79EFBC}") = "dzEmpi", "dzEmpi\dzEmpi.csproj", "{86F146A3-822B-42B9-80A6-5C7F11844794}"
EndProject
Global
	GlobalSection(SolutionConfigurationPlatforms) = preSolution
		Debug|Any CPU = Debug|Any CPU
		Release|Any CPU = Release|Any CPU
	EndGlobalSection
	GlobalSection(ProjectConfigurationPlatforms) = postSolution
		{86F146A3-822B-42B9-80A6-5C7F11844794}.Debug|Any CPU.ActiveCfg = Debug|Any CPU
		{86F146A3-822B-42B9-80A6-5C7F11844794}.Debug|Any CPU.Build.0 = Debug|Any CPU
		{86F146A3-822B-42B9-80A6-5C7F11844794}.Release|Any CPU.ActiveCfg = Release|Any CPU
		{86F146A3-822B-42B9-80A6-5C7F11844794}.Release|Any CPU.Build.0 = Release|Any CPU
	EndGlobalSection
	GlobalSection(SolutionProperties) = preSolution
		HideSolutionNode = FALSE
	EndGlobalSection
EndGlobal
